version = 1
requires-python = ">=3.13"

[[package]]
name = "sonolus-demo-engine"
version = "0.1.0"
source = { virtual = "." }
dependencies = [
    { name = "sonolus-py" },
]

[package.metadata]
requires-dist = [{ name = "sonolus-py", specifier = ">=0.1.4" }]

[[package]]
name = "sonolus-py"
version = "0.1.4"
source = { registry = "https://pypi.org/simple" }
sdist = { url = "https://files.pythonhosted.org/packages/2c/da/1802f478e17fd5e49f3778539fa7f52380de5906fbbbf3198a15ec446cd9/sonolus_py-0.1.4.tar.gz", hash = "sha256:3a7577a0570188e6eb063df694d0abd971edcf42d25dba9e3270228e8be6bf4d", size = 101649 }
wheels = [
    { url = "https://files.pythonhosted.org/packages/94/03/8ece95b67a78ab20764d0b78892a065113091e96e86f5717a2b469b22804/sonolus_py-0.1.4-py3-none-any.whl", hash = "sha256:95845589f373adf5820c8b3d666afafa96fd6832684409ed8cb99f1a42581ede", size = 106077 },
]
