version = 1
requires-python = ">=3.13"

[[package]]
name = "sonolus-demo-engine"
version = "0.1.0"
source = { virtual = "." }
dependencies = [
    { name = "sonolus-py" },
]

[package.metadata]
requires-dist = [{ name = "sonolus-py", specifier = ">=0.1.2" }]

[[package]]
name = "sonolus-py"
version = "0.1.2"
source = { registry = "https://pypi.org/simple" }
sdist = { url = "https://files.pythonhosted.org/packages/6d/0e/9020eb2d62d87c63049ba5e9645810ab19f4e1f3b71c0c8c73a0cdbc87fb/sonolus_py-0.1.2.tar.gz", hash = "sha256:0973ebabf6d713d08ebd22e8877f3d0461dbde5a5c3f1cb9d3b2c3a77bb07ecc", size = 86085 }
wheels = [
    { url = "https://files.pythonhosted.org/packages/b7/91/47a6d41e434459130445bacd67b86e290aabaa06dd5e8c5a2764a37fc205/sonolus_py-0.1.2-py3-none-any.whl", hash = "sha256:8e563a2d97bbe24fcd026622050d62b56187d00f8a79f409c5d045e691a99f17", size = 88994 },
]
